
Microsoft Visual Studio Solution File, Format Version 12.00
# Visual Studio Version 17
VisualStudioVersion = 17.4.33213.308
MinimumVisualStudioVersion = 10.0.40219.1
Project("{FAE04EC0-301F-11D3-BF4B-00C04F79EFBC}") = "Test_Console_Projet_Filter", "Test_console_projet\Test_Console_Projet_Filter.csproj", "{360E32DB-DEAA-4FD4-A23E-45AF4F12BFEC}"
EndProject
Global
	GlobalSection(SolutionConfigurationPlatforms) = preSolution
		Debug|Any CPU = Debug|Any CPU
		Release|Any CPU = Release|Any CPU
	EndGlobalSection
	GlobalSection(ProjectConfigurationPlatforms) = postSolution
		{360E32DB-DEAA-4FD4-A23E-45AF4F12BFEC}.Debug|Any CPU.ActiveCfg = Debug|Any CPU
		{360E32DB-DEAA-4FD4-A23E-45AF4F12BFEC}.Debug|Any CPU.Build.0 = Debug|Any CPU
		{360E32DB-DEAA-4FD4-A23E-45AF4F12BFEC}.Release|Any CPU.ActiveCfg = Release|Any CPU
		{360E32DB-DEAA-4FD4-A23E-45AF4F12BFEC}.Release|Any CPU.Build.0 = Release|Any CPU
	EndGlobalSection
	GlobalSection(SolutionProperties) = preSolution
		HideSolutionNode = FALSE
	EndGlobalSection
	GlobalSection(ExtensibilityGlobals) = postSolution
		SolutionGuid = {04DFC790-FB57-4AFC-9103-2B06FD906060}
	EndGlobalSection
EndGlobal
